
Microsoft Visual Studio Solution File, Format Version 12.00
# Visual Studio Version 17
VisualStudioVersion = 17.8.34322.80
MinimumVisualStudioVersion = 10.0.40219.1
Project("{FAE04EC0-301F-11D3-BF4B-00C04F79EFBC}") = "WinAppUI", "WinAppUI\WinAppUI.csproj", "{2D41FEEF-2E9F-4421-8DA2-56F8C72152C6}"
EndProject
Project("{FAE04EC0-301F-11D3-BF4B-00C04F79EFBC}") = "ClassLibraryCode", "ClassLibraryCode\ClassLibraryCode.csproj", "{C03CA7F3-1B15-4C30-A298-7BA9CD72860B}"
EndProject
Project("{FAE04EC0-301F-11D3-BF4B-00C04F79EFBC}") = "UnitTestProjectDemo", "UnitTestProjectDemo\UnitTestProjectDemo.csproj", "{C8972AF2-7418-400A-B782-FB6A0C7FD24D}"
EndProject
Global
	GlobalSection(SolutionConfigurationPlatforms) = preSolution
		Debug|Any CPU = Debug|Any CPU
		Release|Any CPU = Release|Any CPU
	EndGlobalSection
	GlobalSection(ProjectConfigurationPlatforms) = postSolution
		{2D41FEEF-2E9F-4421-8DA2-56F8C72152C6}.Debug|Any CPU.ActiveCfg = Debug|Any CPU
		{2D41FEEF-2E9F-4421-8DA2-56F8C72152C6}.Debug|Any CPU.Build.0 = Debug|Any CPU
		{2D41FEEF-2E9F-4421-8DA2-56F8C72152C6}.Release|Any CPU.ActiveCfg = Release|Any CPU
		{2D41FEEF-2E9F-4421-8DA2-56F8C72152C6}.Release|Any CPU.Build.0 = Release|Any CPU
		{C03CA7F3-1B15-4C30-A298-7BA9CD72860B}.Debug|Any CPU.ActiveCfg = Debug|Any CPU
		{C03CA7F3-1B15-4C30-A298-7BA9CD72860B}.Debug|Any CPU.Build.0 = Debug|Any CPU
		{C03CA7F3-1B15-4C30-A298-7BA9CD72860B}.Release|Any CPU.ActiveCfg = Release|Any CPU
		{C03CA7F3-1B15-4C30-A298-7BA9CD72860B}.Release|Any CPU.Build.0 = Release|Any CPU
		{C8972AF2-7418-400A-B782-FB6A0C7FD24D}.Debug|Any CPU.ActiveCfg = Debug|Any CPU
		{C8972AF2-7418-400A-B782-FB6A0C7FD24D}.Debug|Any CPU.Build.0 = Debug|Any CPU
		{C8972AF2-7418-400A-B782-FB6A0C7FD24D}.Release|Any CPU.ActiveCfg = Release|Any CPU
		{C8972AF2-7418-400A-B782-FB6A0C7FD24D}.Release|Any CPU.Build.0 = Release|Any CPU
	EndGlobalSection
	GlobalSection(SolutionProperties) = preSolution
		HideSolutionNode = FALSE
	EndGlobalSection
	GlobalSection(ExtensibilityGlobals) = postSolution
		SolutionGuid = {35E7AE17-85B7-4F1C-9E69-C46E5E393012}
	EndGlobalSection
EndGlobal
